
Microsoft Visual Studio Solution File, Format Version 12.00
# Visual Studio 2012
Project("{FAE04EC0-301F-11D3-BF4B-00C04F79EFBC}") = "FarmPhoto", "FarmPhoto\FarmPhoto.csproj", "{0E87A353-ACEA-4908-8883-34368DD2C127}"
EndProject
Global
	GlobalSection(SolutionConfigurationPlatforms) = preSolution
		Debug|Any CPU = Debug|Any CPU
		Release|Any CPU = Release|Any CPU
	EndGlobalSection
	GlobalSection(ProjectConfigurationPlatforms) = postSolution
		{0E87A353-ACEA-4908-8883-34368DD2C127}.Debug|Any CPU.ActiveCfg = Debug|Any CPU
		{0E87A353-ACEA-4908-8883-34368DD2C127}.Debug|Any CPU.Build.0 = Debug|Any CPU
		{0E87A353-ACEA-4908-8883-34368DD2C127}.Release|Any CPU.ActiveCfg = Release|Any CPU
		{0E87A353-ACEA-4908-8883-34368DD2C127}.Release|Any CPU.Build.0 = Release|Any CPU
	EndGlobalSection
	GlobalSection(SolutionProperties) = preSolution
		HideSolutionNode = FALSE
	EndGlobalSection
EndGlobal
