
Microsoft Visual Studio Solution File, Format Version 12.00
# Visual Studio 2012
Project("{FAE04EC0-301F-11D3-BF4B-00C04F79EFBC}") = "FarmPhoto.Common", "FarmPhoto.Common\FarmPhoto.Common.csproj", "{055042C2-0D01-499D-8D51-69B0481667DC}"
EndProject
Project("{FAE04EC0-301F-11D3-BF4B-00C04F79EFBC}") = "FarmPhoto.Repository", "FarmPhoto.Repository\FarmPhoto.Repository.csproj", "{1564BB31-AF95-4E83-B782-EE009BB64F20}"
EndProject
Project("{FAE04EC0-301F-11D3-BF4B-00C04F79EFBC}") = "FarmPhoto.Domain", "FarmPhoto.Domain\FarmPhoto.Domain.csproj", "{925AB0A3-C6F6-4445-973F-5826391E905B}"
EndProject
Project("{FAE04EC0-301F-11D3-BF4B-00C04F79EFBC}") = "FarmPhoto.Core", "FarmPhoto.Core\FarmPhoto.Core.csproj", "{447E8440-CAC1-4B37-99A4-4BCABF0CE11B}"
EndProject
Project("{2150E333-8FDC-42A3-9474-1A3956D46DE8}") = "Tests", "Tests", "{AFE711C4-FF2F-4469-A412-416C673EE5A6}"
EndProject
Project("{FAE04EC0-301F-11D3-BF4B-00C04F79EFBC}") = "FarmPhoto.Repository.Tests", "FarmPhoto.Repository.Tests\FarmPhoto.Repository.Tests.csproj", "{B9AA2CF1-2516-411C-A451-4E0C697A6BBF}"
EndProject
Project("{FAE04EC0-301F-11D3-BF4B-00C04F79EFBC}") = "FarmPhoto.Common.Tests", "FarmPhoto.Common.Tests\FarmPhoto.Common.Tests.csproj", "{FF3AC6CD-F4BB-4963-878F-7C79D3458002}"
EndProject
Project("{FAE04EC0-301F-11D3-BF4B-00C04F79EFBC}") = "FarmPhoto.Website", "FarmPhoto.Website\FarmPhoto.Website.csproj", "{DBFF99C9-B657-4B54-94D3-ECDF92D66CCA}"
EndProject
Project("{FAE04EC0-301F-11D3-BF4B-00C04F79EFBC}") = "ImageResizer", "ImageResizer\ImageResizer.csproj", "{7354EF80-2EDE-4A4B-9FE0-F61FEB01F390}"
EndProject
Project("{FAE04EC0-301F-11D3-BF4B-00C04F79EFBC}") = "FarmPhoto.Website.Core", "FarmPhoto.Website.Core\FarmPhoto.Website.Core.csproj", "{CDC107EC-1CA0-4F84-B153-A5AE49E2A93A}"
EndProject
Global
	GlobalSection(SolutionConfigurationPlatforms) = preSolution
		Debug|Any CPU = Debug|Any CPU
		Release|Any CPU = Release|Any CPU
	EndGlobalSection
	GlobalSection(ProjectConfigurationPlatforms) = postSolution
		{055042C2-0D01-499D-8D51-69B0481667DC}.Debug|Any CPU.ActiveCfg = Debug|Any CPU
		{055042C2-0D01-499D-8D51-69B0481667DC}.Debug|Any CPU.Build.0 = Debug|Any CPU
		{055042C2-0D01-499D-8D51-69B0481667DC}.Release|Any CPU.ActiveCfg = Release|Any CPU
		{055042C2-0D01-499D-8D51-69B0481667DC}.Release|Any CPU.Build.0 = Release|Any CPU
		{1564BB31-AF95-4E83-B782-EE009BB64F20}.Debug|Any CPU.ActiveCfg = Debug|Any CPU
		{1564BB31-AF95-4E83-B782-EE009BB64F20}.Debug|Any CPU.Build.0 = Debug|Any CPU
		{1564BB31-AF95-4E83-B782-EE009BB64F20}.Release|Any CPU.ActiveCfg = Release|Any CPU
		{1564BB31-AF95-4E83-B782-EE009BB64F20}.Release|Any CPU.Build.0 = Release|Any CPU
		{925AB0A3-C6F6-4445-973F-5826391E905B}.Debug|Any CPU.ActiveCfg = Debug|Any CPU
		{925AB0A3-C6F6-4445-973F-5826391E905B}.Debug|Any CPU.Build.0 = Debug|Any CPU
		{925AB0A3-C6F6-4445-973F-5826391E905B}.Release|Any CPU.ActiveCfg = Release|Any CPU
		{925AB0A3-C6F6-4445-973F-5826391E905B}.Release|Any CPU.Build.0 = Release|Any CPU
		{447E8440-CAC1-4B37-99A4-4BCABF0CE11B}.Debug|Any CPU.ActiveCfg = Debug|Any CPU
		{447E8440-CAC1-4B37-99A4-4BCABF0CE11B}.Debug|Any CPU.Build.0 = Debug|Any CPU
		{447E8440-CAC1-4B37-99A4-4BCABF0CE11B}.Release|Any CPU.ActiveCfg = Release|Any CPU
		{447E8440-CAC1-4B37-99A4-4BCABF0CE11B}.Release|Any CPU.Build.0 = Release|Any CPU
		{B9AA2CF1-2516-411C-A451-4E0C697A6BBF}.Debug|Any CPU.ActiveCfg = Debug|Any CPU
		{B9AA2CF1-2516-411C-A451-4E0C697A6BBF}.Debug|Any CPU.Build.0 = Debug|Any CPU
		{B9AA2CF1-2516-411C-A451-4E0C697A6BBF}.Release|Any CPU.ActiveCfg = Release|Any CPU
		{B9AA2CF1-2516-411C-A451-4E0C697A6BBF}.Release|Any CPU.Build.0 = Release|Any CPU
		{FF3AC6CD-F4BB-4963-878F-7C79D3458002}.Debug|Any CPU.ActiveCfg = Debug|Any CPU
		{FF3AC6CD-F4BB-4963-878F-7C79D3458002}.Debug|Any CPU.Build.0 = Debug|Any CPU
		{FF3AC6CD-F4BB-4963-878F-7C79D3458002}.Release|Any CPU.ActiveCfg = Release|Any CPU
		{FF3AC6CD-F4BB-4963-878F-7C79D3458002}.Release|Any CPU.Build.0 = Release|Any CPU
		{DBFF99C9-B657-4B54-94D3-ECDF92D66CCA}.Debug|Any CPU.ActiveCfg = Debug|Any CPU
		{DBFF99C9-B657-4B54-94D3-ECDF92D66CCA}.Debug|Any CPU.Build.0 = Debug|Any CPU
		{DBFF99C9-B657-4B54-94D3-ECDF92D66CCA}.Release|Any CPU.ActiveCfg = Release|Any CPU
		{DBFF99C9-B657-4B54-94D3-ECDF92D66CCA}.Release|Any CPU.Build.0 = Release|Any CPU
		{7354EF80-2EDE-4A4B-9FE0-F61FEB01F390}.Debug|Any CPU.ActiveCfg = Debug|Any CPU
		{7354EF80-2EDE-4A4B-9FE0-F61FEB01F390}.Debug|Any CPU.Build.0 = Debug|Any CPU
		{7354EF80-2EDE-4A4B-9FE0-F61FEB01F390}.Release|Any CPU.ActiveCfg = Release|Any CPU
		{7354EF80-2EDE-4A4B-9FE0-F61FEB01F390}.Release|Any CPU.Build.0 = Release|Any CPU
		{CDC107EC-1CA0-4F84-B153-A5AE49E2A93A}.Debug|Any CPU.ActiveCfg = Debug|Any CPU
		{CDC107EC-1CA0-4F84-B153-A5AE49E2A93A}.Debug|Any CPU.Build.0 = Debug|Any CPU
		{CDC107EC-1CA0-4F84-B153-A5AE49E2A93A}.Release|Any CPU.ActiveCfg = Release|Any CPU
		{CDC107EC-1CA0-4F84-B153-A5AE49E2A93A}.Release|Any CPU.Build.0 = Release|Any CPU
	EndGlobalSection
	GlobalSection(SolutionProperties) = preSolution
		HideSolutionNode = FALSE
	EndGlobalSection
	GlobalSection(NestedProjects) = preSolution
		{B9AA2CF1-2516-411C-A451-4E0C697A6BBF} = {AFE711C4-FF2F-4469-A412-416C673EE5A6}
		{FF3AC6CD-F4BB-4963-878F-7C79D3458002} = {AFE711C4-FF2F-4469-A412-416C673EE5A6}
		{7354EF80-2EDE-4A4B-9FE0-F61FEB01F390} = {AFE711C4-FF2F-4469-A412-416C673EE5A6}
	EndGlobalSection
EndGlobal
